
Microsoft Visual Studio Solution File, Format Version 12.00
# Visual Studio Version 16
VisualStudioVersion = 16.0.30611.23
MinimumVisualStudioVersion = 10.0.40219.1
Project("{9A19103F-16F7-4668-BE54-9A1E7A4F7556}") = "IndianCensusDataClass", "IndianCensusDataClass\IndianCensusDataClass.csproj", "{61C3602B-B7DE-4164-9FC2-000753B77C1E}"
EndProject
Project("{FAE04EC0-301F-11D3-BF4B-00C04F79EFBC}") = "NUnitTestCensusAnalyser", "NUnitTestCensusAnalyser\NUnitTestCensusAnalyser.csproj", "{9E6DE938-5F79-46C8-AB91-79DCA04685D5}"
EndProject
Global
	GlobalSection(SolutionConfigurationPlatforms) = preSolution
		Debug|Any CPU = Debug|Any CPU
		Release|Any CPU = Release|Any CPU
	EndGlobalSection
	GlobalSection(ProjectConfigurationPlatforms) = postSolution
		{61C3602B-B7DE-4164-9FC2-000753B77C1E}.Debug|Any CPU.ActiveCfg = Debug|Any CPU
		{61C3602B-B7DE-4164-9FC2-000753B77C1E}.Debug|Any CPU.Build.0 = Debug|Any CPU
		{61C3602B-B7DE-4164-9FC2-000753B77C1E}.Release|Any CPU.ActiveCfg = Release|Any CPU
		{61C3602B-B7DE-4164-9FC2-000753B77C1E}.Release|Any CPU.Build.0 = Release|Any CPU
		{9E6DE938-5F79-46C8-AB91-79DCA04685D5}.Debug|Any CPU.ActiveCfg = Debug|Any CPU
		{9E6DE938-5F79-46C8-AB91-79DCA04685D5}.Debug|Any CPU.Build.0 = Debug|Any CPU
		{9E6DE938-5F79-46C8-AB91-79DCA04685D5}.Release|Any CPU.ActiveCfg = Release|Any CPU
		{9E6DE938-5F79-46C8-AB91-79DCA04685D5}.Release|Any CPU.Build.0 = Release|Any CPU
	EndGlobalSection
	GlobalSection(SolutionProperties) = preSolution
		HideSolutionNode = FALSE
	EndGlobalSection
	GlobalSection(ExtensibilityGlobals) = postSolution
		SolutionGuid = {3B487704-E410-4740-B2FF-AFDA8471C73B}
	EndGlobalSection
EndGlobal
